
Microsoft Visual Studio Solution File, Format Version 12.00
# Visual Studio Version 17
VisualStudioVersion = 17.13.35919.96 d17.13
MinimumVisualStudioVersion = 10.0.40219.1
Project("{FAE04EC0-301F-11D3-BF4B-00C04F79EFBC}") = "Login Paneli", "Login Paneli\Login Paneli.csproj", "{17612487-23F5-473E-96D6-81A6627EDC23}"
EndProject
Global
	GlobalSection(SolutionConfigurationPlatforms) = preSolution
		Debug|Any CPU = Debug|Any CPU
		Release|Any CPU = Release|Any CPU
	EndGlobalSection
	GlobalSection(ProjectConfigurationPlatforms) = postSolution
		{17612487-23F5-473E-96D6-81A6627EDC23}.Debug|Any CPU.ActiveCfg = Debug|Any CPU
		{17612487-23F5-473E-96D6-81A6627EDC23}.Debug|Any CPU.Build.0 = Debug|Any CPU
		{17612487-23F5-473E-96D6-81A6627EDC23}.Release|Any CPU.ActiveCfg = Release|Any CPU
		{17612487-23F5-473E-96D6-81A6627EDC23}.Release|Any CPU.Build.0 = Release|Any CPU
	EndGlobalSection
	GlobalSection(SolutionProperties) = preSolution
		HideSolutionNode = FALSE
	EndGlobalSection
	GlobalSection(ExtensibilityGlobals) = postSolution
		SolutionGuid = {1C902BB6-C3C0-4278-9C16-5A8D333076EB}
	EndGlobalSection
EndGlobal
